
Microsoft Visual Studio Solution File, Format Version 12.00
# Visual Studio 14
VisualStudioVersion = 14.0.25420.1
MinimumVisualStudioVersion = 10.0.40219.1
Project("{FAE04EC0-301F-11D3-BF4B-00C04F79EFBC}") = "XStopwatch.Droid", "XStopwatch\XStopwatch.Droid\XStopwatch.Droid.csproj", "{19B0DBBE-CD99-4B9E-8D7F-2194676FCFD3}"
EndProject
Project("{FAE04EC0-301F-11D3-BF4B-00C04F79EFBC}") = "XStopwatch.iOS", "XStopwatch\XStopwatch.iOS\XStopwatch.iOS.csproj", "{6FEE7959-3ACF-4A2A-94D7-FADDE423CEA8}"
EndProject
Project("{FAE04EC0-301F-11D3-BF4B-00C04F79EFBC}") = "XStopwatch.WinPhone", "XStopwatch\XStopwatch.WinPhone\XStopwatch.WinPhone.csproj", "{4832051B-31D7-4495-9C7A-691A0967C465}"
EndProject
Project("{FAE04EC0-301F-11D3-BF4B-00C04F79EFBC}") = "XStopwatch", "XStopwatch\XStopwatch\XStopwatch.csproj", "{764FB313-B9F4-4EF5-9C9C-A34DBDDB72C7}"
EndProject
Project("{FAE04EC0-301F-11D3-BF4B-00C04F79EFBC}") = "XStopwatch.Uwp", "XStopwatch\XStopwatch.Uwp\XStopwatch.Uwp.csproj", "{0F4B2198-DCDD-471E-B815-249D9F7C800B}"
EndProject
Global
	GlobalSection(SolutionConfigurationPlatforms) = preSolution
		Debug|Any CPU = Debug|Any CPU
		Debug|ARM = Debug|ARM
		Debug|iPhone = Debug|iPhone
		Debug|iPhoneSimulator = Debug|iPhoneSimulator
		Debug|x64 = Debug|x64
		Debug|x86 = Debug|x86
		Release|Any CPU = Release|Any CPU
		Release|ARM = Release|ARM
		Release|iPhone = Release|iPhone
		Release|iPhoneSimulator = Release|iPhoneSimulator
		Release|x64 = Release|x64
		Release|x86 = Release|x86
	EndGlobalSection
	GlobalSection(ProjectConfigurationPlatforms) = postSolution
		{19B0DBBE-CD99-4B9E-8D7F-2194676FCFD3}.Debug|Any CPU.ActiveCfg = Debug|Any CPU
		{19B0DBBE-CD99-4B9E-8D7F-2194676FCFD3}.Debug|Any CPU.Build.0 = Debug|Any CPU
		{19B0DBBE-CD99-4B9E-8D7F-2194676FCFD3}.Debug|Any CPU.Deploy.0 = Debug|Any CPU
		{19B0DBBE-CD99-4B9E-8D7F-2194676FCFD3}.Debug|ARM.ActiveCfg = Debug|Any CPU
		{19B0DBBE-CD99-4B9E-8D7F-2194676FCFD3}.Debug|ARM.Build.0 = Debug|Any CPU
		{19B0DBBE-CD99-4B9E-8D7F-2194676FCFD3}.Debug|ARM.Deploy.0 = Debug|Any CPU
		{19B0DBBE-CD99-4B9E-8D7F-2194676FCFD3}.Debug|iPhone.ActiveCfg = Debug|Any CPU
		{19B0DBBE-CD99-4B9E-8D7F-2194676FCFD3}.Debug|iPhone.Build.0 = Debug|Any CPU
		{19B0DBBE-CD99-4B9E-8D7F-2194676FCFD3}.Debug|iPhone.Deploy.0 = Debug|Any CPU
		{19B0DBBE-CD99-4B9E-8D7F-2194676FCFD3}.Debug|iPhoneSimulator.ActiveCfg = Debug|Any CPU
		{19B0DBBE-CD99-4B9E-8D7F-2194676FCFD3}.Debug|iPhoneSimulator.Build.0 = Debug|Any CPU
		{19B0DBBE-CD99-4B9E-8D7F-2194676FCFD3}.Debug|iPhoneSimulator.Deploy.0 = Debug|Any CPU
		{19B0DBBE-CD99-4B9E-8D7F-2194676FCFD3}.Debug|x64.ActiveCfg = Debug|Any CPU
		{19B0DBBE-CD99-4B9E-8D7F-2194676FCFD3}.Debug|x64.Build.0 = Debug|Any CPU
		{19B0DBBE-CD99-4B9E-8D7F-2194676FCFD3}.Debug|x64.Deploy.0 = Debug|Any CPU
		{19B0DBBE-CD99-4B9E-8D7F-2194676FCFD3}.Debug|x86.ActiveCfg = Debug|Any CPU
		{19B0DBBE-CD99-4B9E-8D7F-2194676FCFD3}.Debug|x86.Build.0 = Debug|Any CPU
		{19B0DBBE-CD99-4B9E-8D7F-2194676FCFD3}.Debug|x86.Deploy.0 = Debug|Any CPU
		{19B0DBBE-CD99-4B9E-8D7F-2194676FCFD3}.Release|Any CPU.ActiveCfg = Release|Any CPU
		{19B0DBBE-CD99-4B9E-8D7F-2194676FCFD3}.Release|Any CPU.Build.0 = Release|Any CPU
		{19B0DBBE-CD99-4B9E-8D7F-2194676FCFD3}.Release|Any CPU.Deploy.0 = Release|Any CPU
		{19B0DBBE-CD99-4B9E-8D7F-2194676FCFD3}.Release|ARM.ActiveCfg = Release|Any CPU
		{19B0DBBE-CD99-4B9E-8D7F-2194676FCFD3}.Release|ARM.Build.0 = Release|Any CPU
		{19B0DBBE-CD99-4B9E-8D7F-2194676FCFD3}.Release|ARM.Deploy.0 = Release|Any CPU
		{19B0DBBE-CD99-4B9E-8D7F-2194676FCFD3}.Release|iPhone.ActiveCfg = Release|Any CPU
		{19B0DBBE-CD99-4B9E-8D7F-2194676FCFD3}.Release|iPhone.Build.0 = Release|Any CPU
		{19B0DBBE-CD99-4B9E-8D7F-2194676FCFD3}.Release|iPhone.Deploy.0 = Release|Any CPU
		{19B0DBBE-CD99-4B9E-8D7F-2194676FCFD3}.Release|iPhoneSimulator.ActiveCfg = Release|Any CPU
		{19B0DBBE-CD99-4B9E-8D7F-2194676FCFD3}.Release|iPhoneSimulator.Build.0 = Release|Any CPU
		{19B0DBBE-CD99-4B9E-8D7F-2194676FCFD3}.Release|iPhoneSimulator.Deploy.0 = Release|Any CPU
		{19B0DBBE-CD99-4B9E-8D7F-2194676FCFD3}.Release|x64.ActiveCfg = Release|Any CPU
		{19B0DBBE-CD99-4B9E-8D7F-2194676FCFD3}.Release|x64.Build.0 = Release|Any CPU
		{19B0DBBE-CD99-4B9E-8D7F-2194676FCFD3}.Release|x64.Deploy.0 = Release|Any CPU
		{19B0DBBE-CD99-4B9E-8D7F-2194676FCFD3}.Release|x86.ActiveCfg = Release|Any CPU
		{19B0DBBE-CD99-4B9E-8D7F-2194676FCFD3}.Release|x86.Build.0 = Release|Any CPU
		{19B0DBBE-CD99-4B9E-8D7F-2194676FCFD3}.Release|x86.Deploy.0 = Release|Any CPU
		{6FEE7959-3ACF-4A2A-94D7-FADDE423CEA8}.Debug|Any CPU.ActiveCfg = Debug|iPhone
		{6FEE7959-3ACF-4A2A-94D7-FADDE423CEA8}.Debug|ARM.ActiveCfg = Debug|iPhone
		{6FEE7959-3ACF-4A2A-94D7-FADDE423CEA8}.Debug|iPhone.ActiveCfg = Debug|iPhone
		{6FEE7959-3ACF-4A2A-94D7-FADDE423CEA8}.Debug|iPhone.Build.0 = Debug|iPhone
		{6FEE7959-3ACF-4A2A-94D7-FADDE423CEA8}.Debug|iPhoneSimulator.ActiveCfg = Debug|iPhoneSimulator
		{6FEE7959-3ACF-4A2A-94D7-FADDE423CEA8}.Debug|iPhoneSimulator.Build.0 = Debug|iPhoneSimulator
		{6FEE7959-3ACF-4A2A-94D7-FADDE423CEA8}.Debug|x64.ActiveCfg = Debug|iPhone
		{6FEE7959-3ACF-4A2A-94D7-FADDE423CEA8}.Debug|x86.ActiveCfg = Debug|iPhone
		{6FEE7959-3ACF-4A2A-94D7-FADDE423CEA8}.Release|Any CPU.ActiveCfg = Release|iPhone
		{6FEE7959-3ACF-4A2A-94D7-FADDE423CEA8}.Release|ARM.ActiveCfg = Release|iPhone
		{6FEE7959-3ACF-4A2A-94D7-FADDE423CEA8}.Release|iPhone.ActiveCfg = Release|iPhone
		{6FEE7959-3ACF-4A2A-94D7-FADDE423CEA8}.Release|iPhone.Build.0 = Release|iPhone
		{6FEE7959-3ACF-4A2A-94D7-FADDE423CEA8}.Release|iPhoneSimulator.ActiveCfg = Release|iPhoneSimulator
		{6FEE7959-3ACF-4A2A-94D7-FADDE423CEA8}.Release|iPhoneSimulator.Build.0 = Release|iPhoneSimulator
		{6FEE7959-3ACF-4A2A-94D7-FADDE423CEA8}.Release|x64.ActiveCfg = Release|iPhone
		{6FEE7959-3ACF-4A2A-94D7-FADDE423CEA8}.Release|x86.ActiveCfg = Release|iPhone
		{4832051B-31D7-4495-9C7A-691A0967C465}.Debug|Any CPU.ActiveCfg = Debug|Any CPU
		{4832051B-31D7-4495-9C7A-691A0967C465}.Debug|Any CPU.Build.0 = Debug|Any CPU
		{4832051B-31D7-4495-9C7A-691A0967C465}.Debug|Any CPU.Deploy.0 = Debug|Any CPU
		{4832051B-31D7-4495-9C7A-691A0967C465}.Debug|ARM.ActiveCfg = Debug|ARM
		{4832051B-31D7-4495-9C7A-691A0967C465}.Debug|ARM.Build.0 = Debug|ARM
		{4832051B-31D7-4495-9C7A-691A0967C465}.Debug|ARM.Deploy.0 = Debug|ARM
		{4832051B-31D7-4495-9C7A-691A0967C465}.Debug|iPhone.ActiveCfg = Debug|Any CPU
		{4832051B-31D7-4495-9C7A-691A0967C465}.Debug|iPhone.Build.0 = Debug|Any CPU
		{4832051B-31D7-4495-9C7A-691A0967C465}.Debug|iPhone.Deploy.0 = Debug|Any CPU
		{4832051B-31D7-4495-9C7A-691A0967C465}.Debug|iPhoneSimulator.ActiveCfg = Debug|Any CPU
		{4832051B-31D7-4495-9C7A-691A0967C465}.Debug|iPhoneSimulator.Build.0 = Debug|Any CPU
		{4832051B-31D7-4495-9C7A-691A0967C465}.Debug|iPhoneSimulator.Deploy.0 = Debug|Any CPU
		{4832051B-31D7-4495-9C7A-691A0967C465}.Debug|x64.ActiveCfg = Debug|Any CPU
		{4832051B-31D7-4495-9C7A-691A0967C465}.Debug|x64.Build.0 = Debug|Any CPU
		{4832051B-31D7-4495-9C7A-691A0967C465}.Debug|x64.Deploy.0 = Debug|Any CPU
		{4832051B-31D7-4495-9C7A-691A0967C465}.Debug|x86.ActiveCfg = Debug|x86
		{4832051B-31D7-4495-9C7A-691A0967C465}.Debug|x86.Build.0 = Debug|x86
		{4832051B-31D7-4495-9C7A-691A0967C465}.Debug|x86.Deploy.0 = Debug|x86
		{4832051B-31D7-4495-9C7A-691A0967C465}.Release|Any CPU.ActiveCfg = Release|Any CPU
		{4832051B-31D7-4495-9C7A-691A0967C465}.Release|Any CPU.Build.0 = Release|Any CPU
		{4832051B-31D7-4495-9C7A-691A0967C465}.Release|Any CPU.Deploy.0 = Release|Any CPU
		{4832051B-31D7-4495-9C7A-691A0967C465}.Release|ARM.ActiveCfg = Release|ARM
		{4832051B-31D7-4495-9C7A-691A0967C465}.Release|ARM.Build.0 = Release|ARM
		{4832051B-31D7-4495-9C7A-691A0967C465}.Release|ARM.Deploy.0 = Release|ARM
		{4832051B-31D7-4495-9C7A-691A0967C465}.Release|iPhone.ActiveCfg = Release|Any CPU
		{4832051B-31D7-4495-9C7A-691A0967C465}.Release|iPhone.Build.0 = Release|Any CPU
		{4832051B-31D7-4495-9C7A-691A0967C465}.Release|iPhone.Deploy.0 = Release|Any CPU
		{4832051B-31D7-4495-9C7A-691A0967C465}.Release|iPhoneSimulator.ActiveCfg = Release|Any CPU
		{4832051B-31D7-4495-9C7A-691A0967C465}.Release|iPhoneSimulator.Build.0 = Release|Any CPU
		{4832051B-31D7-4495-9C7A-691A0967C465}.Release|iPhoneSimulator.Deploy.0 = Release|Any CPU
		{4832051B-31D7-4495-9C7A-691A0967C465}.Release|x64.ActiveCfg = Release|Any CPU
		{4832051B-31D7-4495-9C7A-691A0967C465}.Release|x64.Build.0 = Release|Any CPU
		{4832051B-31D7-4495-9C7A-691A0967C465}.Release|x64.Deploy.0 = Release|Any CPU
		{4832051B-31D7-4495-9C7A-691A0967C465}.Release|x86.ActiveCfg = Release|x86
		{4832051B-31D7-4495-9C7A-691A0967C465}.Release|x86.Build.0 = Release|x86
		{4832051B-31D7-4495-9C7A-691A0967C465}.Release|x86.Deploy.0 = Release|x86
		{764FB313-B9F4-4EF5-9C9C-A34DBDDB72C7}.Debug|Any CPU.ActiveCfg = Debug|Any CPU
		{764FB313-B9F4-4EF5-9C9C-A34DBDDB72C7}.Debug|Any CPU.Build.0 = Debug|Any CPU
		{764FB313-B9F4-4EF5-9C9C-A34DBDDB72C7}.Debug|ARM.ActiveCfg = Debug|Any CPU
		{764FB313-B9F4-4EF5-9C9C-A34DBDDB72C7}.Debug|ARM.Build.0 = Debug|Any CPU
		{764FB313-B9F4-4EF5-9C9C-A34DBDDB72C7}.Debug|iPhone.ActiveCfg = Debug|Any CPU
		{764FB313-B9F4-4EF5-9C9C-A34DBDDB72C7}.Debug|iPhone.Build.0 = Debug|Any CPU
		{764FB313-B9F4-4EF5-9C9C-A34DBDDB72C7}.Debug|iPhoneSimulator.ActiveCfg = Debug|Any CPU
		{764FB313-B9F4-4EF5-9C9C-A34DBDDB72C7}.Debug|iPhoneSimulator.Build.0 = Debug|Any CPU
		{764FB313-B9F4-4EF5-9C9C-A34DBDDB72C7}.Debug|x64.ActiveCfg = Debug|Any CPU
		{764FB313-B9F4-4EF5-9C9C-A34DBDDB72C7}.Debug|x64.Build.0 = Debug|Any CPU
		{764FB313-B9F4-4EF5-9C9C-A34DBDDB72C7}.Debug|x86.ActiveCfg = Debug|Any CPU
		{764FB313-B9F4-4EF5-9C9C-A34DBDDB72C7}.Debug|x86.Build.0 = Debug|Any CPU
		{764FB313-B9F4-4EF5-9C9C-A34DBDDB72C7}.Release|Any CPU.ActiveCfg = Release|Any CPU
		{764FB313-B9F4-4EF5-9C9C-A34DBDDB72C7}.Release|Any CPU.Build.0 = Release|Any CPU
		{764FB313-B9F4-4EF5-9C9C-A34DBDDB72C7}.Release|ARM.ActiveCfg = Release|Any CPU
		{764FB313-B9F4-4EF5-9C9C-A34DBDDB72C7}.Release|ARM.Build.0 = Release|Any CPU
		{764FB313-B9F4-4EF5-9C9C-A34DBDDB72C7}.Release|iPhone.ActiveCfg = Release|Any CPU
		{764FB313-B9F4-4EF5-9C9C-A34DBDDB72C7}.Release|iPhone.Build.0 = Release|Any CPU
		{764FB313-B9F4-4EF5-9C9C-A34DBDDB72C7}.Release|iPhoneSimulator.ActiveCfg = Release|Any CPU
		{764FB313-B9F4-4EF5-9C9C-A34DBDDB72C7}.Release|iPhoneSimulator.Build.0 = Release|Any CPU
		{764FB313-B9F4-4EF5-9C9C-A34DBDDB72C7}.Release|x64.ActiveCfg = Release|Any CPU
		{764FB313-B9F4-4EF5-9C9C-A34DBDDB72C7}.Release|x64.Build.0 = Release|Any CPU
		{764FB313-B9F4-4EF5-9C9C-A34DBDDB72C7}.Release|x86.ActiveCfg = Release|Any CPU
		{764FB313-B9F4-4EF5-9C9C-A34DBDDB72C7}.Release|x86.Build.0 = Release|Any CPU
		{0F4B2198-DCDD-471E-B815-249D9F7C800B}.Debug|Any CPU.ActiveCfg = Debug|x86
		{0F4B2198-DCDD-471E-B815-249D9F7C800B}.Debug|ARM.ActiveCfg = Debug|ARM
		{0F4B2198-DCDD-471E-B815-249D9F7C800B}.Debug|ARM.Build.0 = Debug|ARM
		{0F4B2198-DCDD-471E-B815-249D9F7C800B}.Debug|ARM.Deploy.0 = Debug|ARM
		{0F4B2198-DCDD-471E-B815-249D9F7C800B}.Debug|iPhone.ActiveCfg = Debug|x86
		{0F4B2198-DCDD-471E-B815-249D9F7C800B}.Debug|iPhoneSimulator.ActiveCfg = Debug|x86
		{0F4B2198-DCDD-471E-B815-249D9F7C800B}.Debug|x64.ActiveCfg = Debug|x64
		{0F4B2198-DCDD-471E-B815-249D9F7C800B}.Debug|x64.Build.0 = Debug|x64
		{0F4B2198-DCDD-471E-B815-249D9F7C800B}.Debug|x64.Deploy.0 = Debug|x64
		{0F4B2198-DCDD-471E-B815-249D9F7C800B}.Debug|x86.ActiveCfg = Debug|x86
		{0F4B2198-DCDD-471E-B815-249D9F7C800B}.Debug|x86.Build.0 = Debug|x86
		{0F4B2198-DCDD-471E-B815-249D9F7C800B}.Debug|x86.Deploy.0 = Debug|x86
		{0F4B2198-DCDD-471E-B815-249D9F7C800B}.Release|Any CPU.ActiveCfg = Release|x86
		{0F4B2198-DCDD-471E-B815-249D9F7C800B}.Release|ARM.ActiveCfg = Release|ARM
		{0F4B2198-DCDD-471E-B815-249D9F7C800B}.Release|ARM.Build.0 = Release|ARM
		{0F4B2198-DCDD-471E-B815-249D9F7C800B}.Release|ARM.Deploy.0 = Release|ARM
		{0F4B2198-DCDD-471E-B815-249D9F7C800B}.Release|iPhone.ActiveCfg = Release|x86
		{0F4B2198-DCDD-471E-B815-249D9F7C800B}.Release|iPhoneSimulator.ActiveCfg = Release|x86
		{0F4B2198-DCDD-471E-B815-249D9F7C800B}.Release|x64.ActiveCfg = Release|x64
		{0F4B2198-DCDD-471E-B815-249D9F7C800B}.Release|x64.Build.0 = Release|x64
		{0F4B2198-DCDD-471E-B815-249D9F7C800B}.Release|x64.Deploy.0 = Release|x64
		{0F4B2198-DCDD-471E-B815-249D9F7C800B}.Release|x86.ActiveCfg = Release|x86
		{0F4B2198-DCDD-471E-B815-249D9F7C800B}.Release|x86.Build.0 = Release|x86
		{0F4B2198-DCDD-471E-B815-249D9F7C800B}.Release|x86.Deploy.0 = Release|x86
	EndGlobalSection
	GlobalSection(SolutionProperties) = preSolution
		HideSolutionNode = FALSE
	EndGlobalSection
EndGlobal
